
Microsoft Visual Studio Solution File, Format Version 12.00
# Visual Studio Version 17
VisualStudioVersion = 17.11.35327.3
MinimumVisualStudioVersion = 10.0.40219.1
Project("{FAE04EC0-301F-11D3-BF4B-00C04F79EFBC}") = "339ass3", "339ass3\339ass3.csproj", "{070A256D-AF6B-4D06-BA57-32056A712B45}"
EndProject
Global
	GlobalSection(SolutionConfigurationPlatforms) = preSolution
		Debug|Any CPU = Debug|Any CPU
		Release|Any CPU = Release|Any CPU
	EndGlobalSection
	GlobalSection(ProjectConfigurationPlatforms) = postSolution
		{070A256D-AF6B-4D06-BA57-32056A712B45}.Debug|Any CPU.ActiveCfg = Debug|Any CPU
		{070A256D-AF6B-4D06-BA57-32056A712B45}.Debug|Any CPU.Build.0 = Debug|Any CPU
		{070A256D-AF6B-4D06-BA57-32056A712B45}.Release|Any CPU.ActiveCfg = Release|Any CPU
		{070A256D-AF6B-4D06-BA57-32056A712B45}.Release|Any CPU.Build.0 = Release|Any CPU
	EndGlobalSection
	GlobalSection(SolutionProperties) = preSolution
		HideSolutionNode = FALSE
	EndGlobalSection
	GlobalSection(ExtensibilityGlobals) = postSolution
		SolutionGuid = {AFB8699B-FBB4-487D-A62F-B93E3E4D1695}
	EndGlobalSection
EndGlobal
